
Microsoft Visual Studio Solution File, Format Version 12.00
# Visual Studio Version 16
VisualStudioVersion = 16.0.30717.126
MinimumVisualStudioVersion = 10.0.40219.1
Project("{FAE04EC0-301F-11D3-BF4B-00C04F79EFBC}") = "ContosoUniversity", "ContosoUniversity\ContosoUniversity.csproj", "{8D0C9576-21B6-4582-85E6-9EA8957F4AE4}"
EndProject
Global
	GlobalSection(SolutionConfigurationPlatforms) = preSolution
		Debug|Any CPU = Debug|Any CPU
		Release|Any CPU = Release|Any CPU
	EndGlobalSection
	GlobalSection(ProjectConfigurationPlatforms) = postSolution
		{8D0C9576-21B6-4582-85E6-9EA8957F4AE4}.Debug|Any CPU.ActiveCfg = Debug|Any CPU
		{8D0C9576-21B6-4582-85E6-9EA8957F4AE4}.Debug|Any CPU.Build.0 = Debug|Any CPU
		{8D0C9576-21B6-4582-85E6-9EA8957F4AE4}.Release|Any CPU.ActiveCfg = Release|Any CPU
		{8D0C9576-21B6-4582-85E6-9EA8957F4AE4}.Release|Any CPU.Build.0 = Release|Any CPU
	EndGlobalSection
	GlobalSection(SolutionProperties) = preSolution
		HideSolutionNode = FALSE
	EndGlobalSection
	GlobalSection(ExtensibilityGlobals) = postSolution
		SolutionGuid = {42A2835B-C815-4465-8640-A9805A492BDE}
	EndGlobalSection
EndGlobal
